
Microsoft Visual Studio Solution File, Format Version 12.00
# Visual Studio 15
VisualStudioVersion = 15.0.28010.2019
MinimumVisualStudioVersion = 10.0.40219.1
Project("{FAE04EC0-301F-11D3-BF4B-00C04F79EFBC}") = "BlazorDemo", "BlazorDemo\BlazorDemo.csproj", "{D6B9CD1D-16A1-4961-8ED2-6D6C9A959A79}"
EndProject
Global
	GlobalSection(SolutionConfigurationPlatforms) = preSolution
		Debug|Any CPU = Debug|Any CPU
		Release|Any CPU = Release|Any CPU
	EndGlobalSection
	GlobalSection(ProjectConfigurationPlatforms) = postSolution
		{D6B9CD1D-16A1-4961-8ED2-6D6C9A959A79}.Debug|Any CPU.ActiveCfg = Debug|Any CPU
		{D6B9CD1D-16A1-4961-8ED2-6D6C9A959A79}.Debug|Any CPU.Build.0 = Debug|Any CPU
		{D6B9CD1D-16A1-4961-8ED2-6D6C9A959A79}.Release|Any CPU.ActiveCfg = Release|Any CPU
		{D6B9CD1D-16A1-4961-8ED2-6D6C9A959A79}.Release|Any CPU.Build.0 = Release|Any CPU
	EndGlobalSection
	GlobalSection(SolutionProperties) = preSolution
		HideSolutionNode = FALSE
	EndGlobalSection
	GlobalSection(ExtensibilityGlobals) = postSolution
		SolutionGuid = {CF8DF59F-892A-4F2D-81DB-9EC1194776BD}
	EndGlobalSection
EndGlobal
